
Microsoft Visual Studio Solution File, Format Version 12.00
# Visual Studio Version 17
VisualStudioVersion = 17.7.34221.43
MinimumVisualStudioVersion = 10.0.40219.1
Project("{FAE04EC0-301F-11D3-BF4B-00C04F79EFBC}") = "CyanBlog", "CyanBlog\CyanBlog.csproj", "{6187FAE5-971B-4583-B7C3-2A877BFE43BC}"
EndProject
Global
	GlobalSection(SolutionConfigurationPlatforms) = preSolution
		Debug|Any CPU = Debug|Any CPU
		Release|Any CPU = Release|Any CPU
	EndGlobalSection
	GlobalSection(ProjectConfigurationPlatforms) = postSolution
		{6187FAE5-971B-4583-B7C3-2A877BFE43BC}.Debug|Any CPU.ActiveCfg = Debug|Any CPU
		{6187FAE5-971B-4583-B7C3-2A877BFE43BC}.Debug|Any CPU.Build.0 = Debug|Any CPU
		{6187FAE5-971B-4583-B7C3-2A877BFE43BC}.Release|Any CPU.ActiveCfg = Release|Any CPU
		{6187FAE5-971B-4583-B7C3-2A877BFE43BC}.Release|Any CPU.Build.0 = Release|Any CPU
	EndGlobalSection
	GlobalSection(SolutionProperties) = preSolution
		HideSolutionNode = FALSE
	EndGlobalSection
	GlobalSection(ExtensibilityGlobals) = postSolution
		SolutionGuid = {014287F0-ADFC-4C33-A892-8FB5D6C87D6C}
	EndGlobalSection
EndGlobal
